<Solution>
  <Folder Name="/src/">
    <Project Path="src/HexEditor.App/HexEditor.App.csproj" />
    <Project Path="src/HexEditor.Core/HexEditor.Core.csproj" />
  </Folder>
  <Folder Name="/tests/">
    <Project Path="tests/HexEditor.Core.Tests/HexEditor.Core.Tests.csproj" />
    <Project Path="tests/HexEditor.Performance.Tests/HexEditor.Performance.Tests.csproj" />
  </Folder>
  <Folder Name="/tools/">
    <Project Path="tools/HexEditor.ManualTests/HexEditor.ManualTests.csproj" />
    <Project Path="tools/HexEditor.TestData/HexEditor.TestData.csproj" />
    <Project Path="tools/ManualTestRunner/ManualTestRunner.csproj">
      <Platform Project="x86" />
    </Project>
    <Project Path="tools/TestDataGen/TestDataGen.csproj" />
  </Folder>
</Solution>
